<?xml version="1.0" encoding="utf-8"?>
<Project ToolsVersion="4.0" xmlns="http://schemas.microsoft.com/developer/msbuild/2003">
  <ItemGroup>
    <Filter Include="Header files">
      <UniqueIdentifier>{93995380-89BD-4b04-88EB-625FBE52EBFB}</UniqueIdentifier>
      <Extensions>h;hpp;hxx;hm;inl;inc;xsd</Extensions>
    </Filter>
    <Filter Include="Source code files">
      <UniqueIdentifier>{4FC737F1-C7A5-4376-A066-2A32D752A2FF}</UniqueIdentifier>
      <Extensions>cpp;c;cc;cxx;def;odl;idl;hpj;bat;asm;asmx</Extensions>
    </Filter>
  </ItemGroup>
  <ItemGroup>
    <ClCompile Include="IO.cpp">
      <Filter>Source code files</Filter>
    </ClCompile>
    <ClCompile Include="KDBMS.cpp">
      <Filter>Source code files</Filter>
    </ClCompile>
    <ClCompile Include="Database.cpp">
      <Filter>Source code files</Filter>
    </ClCompile>
    <ClCompile Include="Table.cpp">
      <Filter>Source code files</Filter>
    </ClCompile>
    <ClCompile Include="Data.cpp">
      <Filter>Source code files</Filter>
    </ClCompile>
    <ClCompile Include="Condition.cpp">
      <Filter>Source code files</Filter>
    </ClCompile>
    <ClCompile Include="Attributes.cpp">
      <Filter>Source code files</Filter>
    </ClCompile>
    <ClCompile Include="TableColumn.cpp">
      <Filter>Source code files</Filter>
    </ClCompile>
    <ClCompile Include="TableRow.cpp">
      <Filter>Source code files</Filter>
    </ClCompile>
    <ClCompile Include="Response.cpp">
      <Filter>Source code files</Filter>
    </ClCompile>
    <ClCompile Include="SerializedObject.cpp">
      <Filter>Source code files</Filter>
    </ClCompile>
  </ItemGroup>
  <ItemGroup>
    <ClInclude Include="IO.hpp">
      <Filter>Header files</Filter>
    </ClInclude>
    <ClInclude Include="KDBMS.hpp">
      <Filter>Header files</Filter>
    </ClInclude>
    <ClInclude Include="Export.hpp">
      <Filter>Header files</Filter>
    </ClInclude>
    <ClInclude Include="Database.hpp">
      <Filter>Header files</Filter>
    </ClInclude>
    <ClInclude Include="Table.hpp">
      <Filter>Header files</Filter>
    </ClInclude>
    <ClInclude Include="Types.hpp">
      <Filter>Header files</Filter>
    </ClInclude>
    <ClInclude Include="Data.hpp">
      <Filter>Header files</Filter>
    </ClInclude>
    <ClInclude Include="Condition.hpp">
      <Filter>Header files</Filter>
    </ClInclude>
    <ClInclude Include="Attributes.hpp">
      <Filter>Header files</Filter>
    </ClInclude>
    <ClInclude Include="TableColumn.hpp">
      <Filter>Header files</Filter>
    </ClInclude>
    <ClInclude Include="TableRow.hpp">
      <Filter>Header files</Filter>
    </ClInclude>
    <ClInclude Include="Comparison.hpp">
      <Filter>Header files</Filter>
    </ClInclude>
    <ClInclude Include="Config.hpp">
      <Filter>Header files</Filter>
    </ClInclude>
    <ClInclude Include="Response.hpp">
      <Filter>Header files</Filter>
    </ClInclude>
    <ClInclude Include="ErrorCode.hpp">
      <Filter>Header files</Filter>
    </ClInclude>
    <ClInclude Include="Serializeable.hpp">
      <Filter>Header files</Filter>
    </ClInclude>
    <ClInclude Include="Printable.hpp">
      <Filter>Header files</Filter>
    </ClInclude>
    <ClInclude Include="SerializedObject.hpp">
      <Filter>Header files</Filter>
    </ClInclude>
  </ItemGroup>
</Project>